
Microsoft Visual Studio Solution File, Format Version 12.00
# Visual Studio 15
VisualStudioVersion = 15.0.27428.2037
MinimumVisualStudioVersion = 10.0.40219.1
Project("{FAE04EC0-301F-11D3-BF4B-00C04F79EFBC}") = "addressbook-tests", "addressbook-tests\addressbook-tests.csproj", "{077F1C85-7B6C-4475-AC20-1FCF10EB3C61}"
EndProject
Global
	GlobalSection(SolutionConfigurationPlatforms) = preSolution
		Debug|Any CPU = Debug|Any CPU
		Release|Any CPU = Release|Any CPU
	EndGlobalSection
	GlobalSection(ProjectConfigurationPlatforms) = postSolution
		{077F1C85-7B6C-4475-AC20-1FCF10EB3C61}.Debug|Any CPU.ActiveCfg = Debug|Any CPU
		{077F1C85-7B6C-4475-AC20-1FCF10EB3C61}.Debug|Any CPU.Build.0 = Debug|Any CPU
		{077F1C85-7B6C-4475-AC20-1FCF10EB3C61}.Release|Any CPU.ActiveCfg = Release|Any CPU
		{077F1C85-7B6C-4475-AC20-1FCF10EB3C61}.Release|Any CPU.Build.0 = Release|Any CPU
	EndGlobalSection
	GlobalSection(SolutionProperties) = preSolution
		HideSolutionNode = FALSE
	EndGlobalSection
	GlobalSection(ExtensibilityGlobals) = postSolution
		SolutionGuid = {AF1DD3FA-9737-41EF-BC66-0BFD0B910853}
	EndGlobalSection
EndGlobal
